
Microsoft Visual Studio Solution File, Format Version 12.00
# Visual Studio Version 16
VisualStudioVersion = 16.0.33328.57
MinimumVisualStudioVersion = 10.0.40219.1
Project("{FAE04EC0-301F-11D3-BF4B-00C04F79EFBC}") = "ToDoList", "ToDoList\ToDoList.csproj", "{5774BE2A-183D-4485-A781-4C57638D2F52}"
EndProject
Global
	GlobalSection(SolutionConfigurationPlatforms) = preSolution
		Debug|Any CPU = Debug|Any CPU
		Release|Any CPU = Release|Any CPU
	EndGlobalSection
	GlobalSection(ProjectConfigurationPlatforms) = postSolution
		{5774BE2A-183D-4485-A781-4C57638D2F52}.Debug|Any CPU.ActiveCfg = Debug|Any CPU
		{5774BE2A-183D-4485-A781-4C57638D2F52}.Debug|Any CPU.Build.0 = Debug|Any CPU
		{5774BE2A-183D-4485-A781-4C57638D2F52}.Release|Any CPU.ActiveCfg = Release|Any CPU
		{5774BE2A-183D-4485-A781-4C57638D2F52}.Release|Any CPU.Build.0 = Release|Any CPU
	EndGlobalSection
	GlobalSection(SolutionProperties) = preSolution
		HideSolutionNode = FALSE
	EndGlobalSection
	GlobalSection(ExtensibilityGlobals) = postSolution
		SolutionGuid = {3AC07580-E414-44BB-B83E-BAF3DDA7713C}
	EndGlobalSection
EndGlobal
